
Microsoft Visual Studio Solution File, Format Version 12.00
# Visual Studio 15
VisualStudioVersion = 15.0.28307.1500
MinimumVisualStudioVersion = 10.0.40219.1
Project("{FAE04EC0-301F-11D3-BF4B-00C04F79EFBC}") = "WindowsFormsApp53", "WindowsFormsApp53\WindowsFormsApp53.csproj", "{70065B44-FEC6-4880-AE1C-D559F3A02C31}"
EndProject
Global
	GlobalSection(SolutionConfigurationPlatforms) = preSolution
		Debug|Any CPU = Debug|Any CPU
		Release|Any CPU = Release|Any CPU
	EndGlobalSection
	GlobalSection(ProjectConfigurationPlatforms) = postSolution
		{70065B44-FEC6-4880-AE1C-D559F3A02C31}.Debug|Any CPU.ActiveCfg = Debug|Any CPU
		{70065B44-FEC6-4880-AE1C-D559F3A02C31}.Debug|Any CPU.Build.0 = Debug|Any CPU
		{70065B44-FEC6-4880-AE1C-D559F3A02C31}.Release|Any CPU.ActiveCfg = Release|Any CPU
		{70065B44-FEC6-4880-AE1C-D559F3A02C31}.Release|Any CPU.Build.0 = Release|Any CPU
	EndGlobalSection
	GlobalSection(SolutionProperties) = preSolution
		HideSolutionNode = FALSE
	EndGlobalSection
	GlobalSection(ExtensibilityGlobals) = postSolution
		SolutionGuid = {B296EE78-40DD-4C03-814A-481F0F54925D}
	EndGlobalSection
EndGlobal
